
Microsoft Visual Studio Solution File, Format Version 12.00
# Visual Studio Version 16
VisualStudioVersion = 16.0.29209.62
MinimumVisualStudioVersion = 10.0.40219.1
Project("{FAE04EC0-301F-11D3-BF4B-00C04F79EFBC}") = "MVCDemo", "MVCDemo\MVCDemo.csproj", "{04730DEE-7F14-4375-82A2-46CFF990E75F}"
EndProject
Global
	GlobalSection(SolutionConfigurationPlatforms) = preSolution
		Debug|Any CPU = Debug|Any CPU
		Release|Any CPU = Release|Any CPU
	EndGlobalSection
	GlobalSection(ProjectConfigurationPlatforms) = postSolution
		{04730DEE-7F14-4375-82A2-46CFF990E75F}.Debug|Any CPU.ActiveCfg = Debug|Any CPU
		{04730DEE-7F14-4375-82A2-46CFF990E75F}.Debug|Any CPU.Build.0 = Debug|Any CPU
		{04730DEE-7F14-4375-82A2-46CFF990E75F}.Release|Any CPU.ActiveCfg = Release|Any CPU
		{04730DEE-7F14-4375-82A2-46CFF990E75F}.Release|Any CPU.Build.0 = Release|Any CPU
	EndGlobalSection
	GlobalSection(SolutionProperties) = preSolution
		HideSolutionNode = FALSE
	EndGlobalSection
	GlobalSection(ExtensibilityGlobals) = postSolution
		SolutionGuid = {D6CC5EA4-D99B-47A1-BFFB-E7297C3DDD2B}
	EndGlobalSection
EndGlobal
